
Microsoft Visual Studio Solution File, Format Version 12.00
# Visual Studio 15
VisualStudioVersion = 15.0.28010.2016
MinimumVisualStudioVersion = 10.0.40219.1
Project("{FAE04EC0-301F-11D3-BF4B-00C04F79EFBC}") = "Calculator", "Calculator\Calculator.csproj", "{BD6BF9EC-8B7D-463A-A841-8F3065C94553}"
EndProject
Global
	GlobalSection(SolutionConfigurationPlatforms) = preSolution
		Debug|Any CPU = Debug|Any CPU
		Release|Any CPU = Release|Any CPU
	EndGlobalSection
	GlobalSection(ProjectConfigurationPlatforms) = postSolution
		{BD6BF9EC-8B7D-463A-A841-8F3065C94553}.Debug|Any CPU.ActiveCfg = Debug|Any CPU
		{BD6BF9EC-8B7D-463A-A841-8F3065C94553}.Debug|Any CPU.Build.0 = Debug|Any CPU
		{BD6BF9EC-8B7D-463A-A841-8F3065C94553}.Release|Any CPU.ActiveCfg = Release|Any CPU
		{BD6BF9EC-8B7D-463A-A841-8F3065C94553}.Release|Any CPU.Build.0 = Release|Any CPU
	EndGlobalSection
	GlobalSection(SolutionProperties) = preSolution
		HideSolutionNode = FALSE
	EndGlobalSection
	GlobalSection(ExtensibilityGlobals) = postSolution
		SolutionGuid = {CD2F05D0-ED37-4727-BF11-85E4DB6729C0}
	EndGlobalSection
EndGlobal
